
Microsoft Visual Studio Solution File, Format Version 12.00
# Visual Studio Version 16
VisualStudioVersion = 16.0.31702.278
MinimumVisualStudioVersion = 10.0.40219.1
Project("{9A19103F-16F7-4668-BE54-9A1E7A4F7556}") = "Word2NumberConverter", "Word2NumberConverter\Word2NumberConverter.csproj", "{767A34D6-6CCF-4D09-9553-EA857F4A3753}"
EndProject
Project("{FAE04EC0-301F-11D3-BF4B-00C04F79EFBC}") = "Word2NumberConverterTests", "Word2NumberConverterTests\Word2NumberConverterTests.csproj", "{EFB6D3ED-F558-427C-A96D-0C687F42EBAA}"
EndProject
Global
	GlobalSection(SolutionConfigurationPlatforms) = preSolution
		Debug|Any CPU = Debug|Any CPU
		Release|Any CPU = Release|Any CPU
	EndGlobalSection
	GlobalSection(ProjectConfigurationPlatforms) = postSolution
		{767A34D6-6CCF-4D09-9553-EA857F4A3753}.Debug|Any CPU.ActiveCfg = Debug|Any CPU
		{767A34D6-6CCF-4D09-9553-EA857F4A3753}.Debug|Any CPU.Build.0 = Debug|Any CPU
		{767A34D6-6CCF-4D09-9553-EA857F4A3753}.Release|Any CPU.ActiveCfg = Release|Any CPU
		{767A34D6-6CCF-4D09-9553-EA857F4A3753}.Release|Any CPU.Build.0 = Release|Any CPU
		{EFB6D3ED-F558-427C-A96D-0C687F42EBAA}.Debug|Any CPU.ActiveCfg = Debug|Any CPU
		{EFB6D3ED-F558-427C-A96D-0C687F42EBAA}.Debug|Any CPU.Build.0 = Debug|Any CPU
		{EFB6D3ED-F558-427C-A96D-0C687F42EBAA}.Release|Any CPU.ActiveCfg = Release|Any CPU
		{EFB6D3ED-F558-427C-A96D-0C687F42EBAA}.Release|Any CPU.Build.0 = Release|Any CPU
	EndGlobalSection
	GlobalSection(SolutionProperties) = preSolution
		HideSolutionNode = FALSE
	EndGlobalSection
	GlobalSection(ExtensibilityGlobals) = postSolution
		SolutionGuid = {8CC1F333-25D1-454C-8039-8F57A491FB80}
	EndGlobalSection
EndGlobal
